
Microsoft Visual Studio Solution File, Format Version 12.00
# Visual Studio 15
VisualStudioVersion = 15.0.27130.2027
MinimumVisualStudioVersion = 10.0.40219.1
Project("{FAE04EC0-301F-11D3-BF4B-00C04F79EFBC}") = "BindingAsync", "BindingAsync\BindingAsync.csproj", "{3F7262B4-B65B-4B1B-B324-F3DF4ECCD14B}"
EndProject
Project("{FAE04EC0-301F-11D3-BF4B-00C04F79EFBC}") = "NavigationOverview", "NavigationOverview\NavigationOverview.csproj", "{3B0D37EA-CF1A-4EAB-A4BE-5630E9BE834E}"
EndProject
Global
	GlobalSection(SolutionConfigurationPlatforms) = preSolution
		Debug|Any CPU = Debug|Any CPU
		Release|Any CPU = Release|Any CPU
	EndGlobalSection
	GlobalSection(ProjectConfigurationPlatforms) = postSolution
		{3F7262B4-B65B-4B1B-B324-F3DF4ECCD14B}.Debug|Any CPU.ActiveCfg = Debug|Any CPU
		{3F7262B4-B65B-4B1B-B324-F3DF4ECCD14B}.Debug|Any CPU.Build.0 = Debug|Any CPU
		{3F7262B4-B65B-4B1B-B324-F3DF4ECCD14B}.Release|Any CPU.ActiveCfg = Release|Any CPU
		{3F7262B4-B65B-4B1B-B324-F3DF4ECCD14B}.Release|Any CPU.Build.0 = Release|Any CPU
		{3B0D37EA-CF1A-4EAB-A4BE-5630E9BE834E}.Debug|Any CPU.ActiveCfg = Debug|Any CPU
		{3B0D37EA-CF1A-4EAB-A4BE-5630E9BE834E}.Debug|Any CPU.Build.0 = Debug|Any CPU
		{3B0D37EA-CF1A-4EAB-A4BE-5630E9BE834E}.Release|Any CPU.ActiveCfg = Release|Any CPU
		{3B0D37EA-CF1A-4EAB-A4BE-5630E9BE834E}.Release|Any CPU.Build.0 = Release|Any CPU
	EndGlobalSection
	GlobalSection(SolutionProperties) = preSolution
		HideSolutionNode = FALSE
	EndGlobalSection
	GlobalSection(ExtensibilityGlobals) = postSolution
		SolutionGuid = {85B4CB28-4C7A-4162-8022-8C6C83688171}
	EndGlobalSection
EndGlobal
